github.com/dhemery/dale-blog-theme v0.1.0 h1:HwIY6wuE/G/LkdLdq6vhy/3ACZGrKsnvKyDYTE7HrnE=
github.com/dhemery/dale-blog-theme v0.1.0/go.mod h1:OPKB+ej0zmJZ+Z6EWfbG9fXGKo2erDzQY10lwV1xbOg=
github.com/dhemery/dale-site-theme v0.1.0 h1:p1r8rlTNFEfryOkVU5Gh42k72coVBlKNWiYE84d4ArY=
github.com/dhemery/dale-site-theme v0.1.0/go.mod h1:TXTufDBExInfSFb0gqiJCS7cWQfevwdW46Xyyas3PTw=
